
Microsoft Visual Studio Solution File, Format Version 12.00
# Visual Studio Version 16
VisualStudioVersion = 16.0.30523.141
MinimumVisualStudioVersion = 10.0.40219.1
Project("{FAE04EC0-301F-11D3-BF4B-00C04F79EFBC}") = "iNetEcommerce", "iNetEcommerce\iNetEcommerce.csproj", "{E1E96C78-512D-4B15-83F5-6D2902613366}"
EndProject
Global
	GlobalSection(SolutionConfigurationPlatforms) = preSolution
		Debug|Any CPU = Debug|Any CPU
		Release|Any CPU = Release|Any CPU
	EndGlobalSection
	GlobalSection(ProjectConfigurationPlatforms) = postSolution
		{E1E96C78-512D-4B15-83F5-6D2902613366}.Debug|Any CPU.ActiveCfg = Debug|Any CPU
		{E1E96C78-512D-4B15-83F5-6D2902613366}.Debug|Any CPU.Build.0 = Debug|Any CPU
		{E1E96C78-512D-4B15-83F5-6D2902613366}.Release|Any CPU.ActiveCfg = Release|Any CPU
		{E1E96C78-512D-4B15-83F5-6D2902613366}.Release|Any CPU.Build.0 = Release|Any CPU
	EndGlobalSection
	GlobalSection(SolutionProperties) = preSolution
		HideSolutionNode = FALSE
	EndGlobalSection
	GlobalSection(ExtensibilityGlobals) = postSolution
		SolutionGuid = {BD03D855-F8A4-42D7-A357-E47C5A5FC082}
	EndGlobalSection
EndGlobal
